// !$*UTF8*$!
{
	archiveVersion = 1;
	classes = {
	};
	objectVersion = 46;
	objects = {

/* Begin PBXBuildFile section */
		DECA0CF618F68C1000FEA4FE /* Foundation.framework in Frameworks */ = {isa = PBXBuildFile; fileRef = DECA0CF518F68C1000FEA4FE /* Foundation.framework */; };
		DECA0CF818F68C1000FEA4FE /* CoreGraphics.framework in Frameworks */ = {isa = PBXBuildFile; fileRef = DECA0CF718F68C1000FEA4FE /* CoreGraphics.framework */; };
		DECA0CFA18F68C1000FEA4FE /* UIKit.framework in Frameworks */ = {isa = PBXBuildFile; fileRef = DECA0CF918F68C1000FEA4FE /* UIKit.framework */; };
		DECA0D0018F68C1000FEA4FE /* InfoPlist.strings in Resources */ = {isa = PBXBuildFile; fileRef = DECA0CFE18F68C1000FEA4FE /* InfoPlist.strings */; };
		DECA0D0218F68C1000FEA4FE /* main.m in Sources */ = {isa = PBXBuildFile; fileRef = DECA0D0118F68C1000FEA4FE /* main.m */; };
		DECA0D0618F68C1000FEA4FE /* AppDelegate.m in Sources */ = {isa = PBXBuildFile; fileRef = DECA0D0518F68C1000FEA4FE /* AppDelegate.m */; };
		DECA0D0918F68C1000FEA4FE /* Main_iPhone.storyboard in Resources */ = {isa = PBXBuildFile; fileRef = DECA0D0718F68C1000FEA4FE /* Main_iPhone.storyboard */; };
		DECA0D0C18F68C1000FEA4FE /* Main_iPad.storyboard in Resources */ = {isa = PBXBuildFile; fileRef = DECA0D0A18F68C1000FEA4FE /* Main_iPad.storyboard */; };
		DECA0D0F18F68C1000FEA4FE /* ViewController.m in Sources */ = {isa = PBXBuildFile; fileRef = DECA0D0E18F68C1000FEA4FE /* ViewController.m */; };
		DECA0D1118F68C1000FEA4FE /* Images.xcassets in Resources */ = {isa = PBXBuildFile; fileRef = DECA0D1018F68C1000FEA4FE /* Images.xcassets */; };
		DECA0D1818F68C1000FEA4FE /* XCTest.framework in Frameworks */ = {isa = PBXBuildFile; fileRef = DECA0D1718F68C1000FEA4FE /* XCTest.framework */; };
		DECA0D1918F68C1000FEA4FE /* Foundation.framework in Frameworks */ = {isa = PBXBuildFile; fileRef = DECA0CF518F68C1000FEA4FE /* Foundation.framework */; };
		DECA0D1A18F68C1000FEA4FE /* UIKit.framework in Frameworks */ = {isa = PBXBuildFile; fileRef = DECA0CF918F68C1000FEA4FE /* UIKit.framework */; };
		DECA0D2218F68C1000FEA4FE /* InfoPlist.strings in Resources */ = {isa = PBXBuildFile; fileRef = DECA0D2018F68C1000FEA4FE /* InfoPlist.strings */; };
		DECA0D2418F68C1000FEA4FE /* TPLAlbumTests.m in Sources */ = {isa = PBXBuildFile; fileRef = DECA0D2318F68C1000FEA4FE /* TPLAlbumTests.m */; };
		DEF58663191F35C900E87870 /* CommenViewController.m in Sources */ = {isa = PBXBuildFile; fileRef = DEF5863A191F35C900E87870 /* CommenViewController.m */; };
		DEF58664191F35C900E87870 /* TPLChoosePhotosViewController.m in Sources */ = {isa = PBXBuildFile; fileRef = DEF5863C191F35C900E87870 /* TPLChoosePhotosViewController.m */; };
		DEF58665191F35C900E87870 /* TPLChoosePhotosViewController+TakePhoto.m in Sources */ = {isa = PBXBuildFile; fileRef = DEF5863E191F35C900E87870 /* TPLChoosePhotosViewController+TakePhoto.m */; };
		DEF58666191F35C900E87870 /* Icon@2x.png in Resources */ = {isa = PBXBuildFile; fileRef = DEF58641191F35C900E87870 /* Icon@2x.png */; };
		DEF58667191F35C900E87870 /* LaraCroft@2x.png in Resources */ = {isa = PBXBuildFile; fileRef = DEF58642191F35C900E87870 /* LaraCroft@2x.png */; };
		DEF58668191F35C900E87870 /* overlay.png in Resources */ = {isa = PBXBuildFile; fileRef = DEF58643191F35C900E87870 /* overlay.png */; };
		DEF58669191F35C900E87870 /* overlay@2x.png in Resources */ = {isa = PBXBuildFile; fileRef = DEF58644191F35C900E87870 /* overlay@2x.png */; };
		DEF5866A191F35C900E87870 /* TPLAblumViewController.m in Sources */ = {isa = PBXBuildFile; fileRef = DEF58647191F35C900E87870 /* TPLAblumViewController.m */; };
		DEF5866B191F35C900E87870 /* TPLAlbumCollectionCell.m in Sources */ = {isa = PBXBuildFile; fileRef = DEF58649191F35C900E87870 /* TPLAlbumCollectionCell.m */; };
		DEF5866C191F35C900E87870 /* TPLAlbumCollectionView.m in Sources */ = {isa = PBXBuildFile; fileRef = DEF5864B191F35C900E87870 /* TPLAlbumCollectionView.m */; };
		DEF5866D191F35C900E87870 /* TPLBigPhoto.m in Sources */ = {isa = PBXBuildFile; fileRef = DEF5864E191F35C900E87870 /* TPLBigPhoto.m */; };
		DEF5866E191F35C900E87870 /* TPLBigPhotoView.m in Sources */ = {isa = PBXBuildFile; fileRef = DEF58650191F35C900E87870 /* TPLBigPhotoView.m */; };
		DEF5866F191F35C900E87870 /* TPLLookBigPhotosViewController.m in Sources */ = {isa = PBXBuildFile; fileRef = DEF58652191F35C900E87870 /* TPLLookBigPhotosViewController.m */; };
		DEF58670191F35C900E87870 /* TPLAutoChangeLabel.m in Sources */ = {isa = PBXBuildFile; fileRef = DEF58654191F35C900E87870 /* TPLAutoChangeLabel.m */; };
		DEF58671191F35C900E87870 /* TPLAutoChangeView.m in Sources */ = {isa = PBXBuildFile; fileRef = DEF58656191F35C900E87870 /* TPLAutoChangeView.m */; };
		DEF58672191F35C900E87870 /* TPLFlexibleView.m in Sources */ = {isa = PBXBuildFile; fileRef = DEF58658191F35C900E87870 /* TPLFlexibleView.m */; };
		DEF58673191F35C900E87870 /* TPLHelpTool.m in Sources */ = {isa = PBXBuildFile; fileRef = DEF5865A191F35C900E87870 /* TPLHelpTool.m */; };
		DEF58674191F35C900E87870 /* TPLMapUtil.m in Sources */ = {isa = PBXBuildFile; fileRef = DEF5865C191F35C900E87870 /* TPLMapUtil.m */; settings = {COMPILER_FLAGS = "-fno-objc-arc -w"; }; };
		DEF58675191F35C900E87870 /* TPLMutableTextLabel.m in Sources */ = {isa = PBXBuildFile; fileRef = DEF5865E191F35C900E87870 /* TPLMutableTextLabel.m */; };
		DEF58676191F35C900E87870 /* TPLSegementView.m in Sources */ = {isa = PBXBuildFile; fileRef = DEF58660191F35C900E87870 /* TPLSegementView.m */; };
		DEF58677191F35C900E87870 /* TPLShowInfoPanel.m in Sources */ = {isa = PBXBuildFile; fileRef = DEF58662191F35C900E87870 /* TPLShowInfoPanel.m */; };
		DEF5867A191F36EE00E87870 /* u_bg_04@2x.png in Resources */ = {isa = PBXBuildFile; fileRef = DEF58678191F36EE00E87870 /* u_bg_04@2x.png */; };
		DEF5867B191F36EE00E87870 /* u_ico_03@2x.png in Resources */ = {isa = PBXBuildFile; fileRef = DEF58679191F36EE00E87870 /* u_ico_03@2x.png */; };
		DEF58691191F37B100E87870 /* MKAnnotationView+WebCache.m in Sources */ = {isa = PBXBuildFile; fileRef = DEF5867E191F37B100E87870 /* MKAnnotationView+WebCache.m */; };
		DEF58692191F37B100E87870 /* SDImageCache.m in Sources */ = {isa = PBXBuildFile; fileRef = DEF58680191F37B100E87870 /* SDImageCache.m */; };
		DEF58693191F37B100E87870 /* SDWebImageDecoder.m in Sources */ = {isa = PBXBuildFile; fileRef = DEF58684191F37B100E87870 /* SDWebImageDecoder.m */; };
		DEF58694191F37B100E87870 /* SDWebImageDownloader.m in Sources */ = {isa = PBXBuildFile; fileRef = DEF58686191F37B100E87870 /* SDWebImageDownloader.m */; };
		DEF58695191F37B100E87870 /* SDWebImageManager.m in Sources */ = {isa = PBXBuildFile; fileRef = DEF58689191F37B100E87870 /* SDWebImageManager.m */; };
		DEF58696191F37B100E87870 /* SDWebImagePrefetcher.m in Sources */ = {isa = PBXBuildFile; fileRef = DEF5868C191F37B100E87870 /* SDWebImagePrefetcher.m */; };
		DEF58697191F37B100E87870 /* UIButton+WebCache.m in Sources */ = {isa = PBXBuildFile; fileRef = DEF5868E191F37B100E87870 /* UIButton+WebCache.m */; };
		DEF58698191F37B100E87870 /* UIImageView+WebCache.m in Sources */ = {isa = PBXBuildFile; fileRef = DEF58690191F37B100E87870 /* UIImageView+WebCache.m */; };
/* End PBXBuildFile section */

/* Begin PBXContainerItemProxy section */
		DECA0D1B18F68C1000FEA4FE /* PBXContainerItemProxy */ = {
			isa = PBXContainerItemProxy;
			containerPortal = DECA0CEA18F68C1000FEA4FE /* Project object */;
			proxyType = 1;
			remoteGlobalIDString = DECA0CF118F68C1000FEA4FE;
			remoteInfo = TPLAlbum;
		};
/* End PBXContainerItemProxy section */

/* Begin PBXFileReference section */
		DECA0CF218F68C1000FEA4FE /* TPLAlbum.app */ = {isa = PBXFileReference; explicitFileType = wrapper.application; includeInIndex = 0; path = TPLAlbum.app; sourceTree = BUILT_PRODUCTS_DIR; };
		DECA0CF518F68C1000FEA4FE /* Foundation.framework */ = {isa = PBXFileReference; lastKnownFileType = wrapper.framework; name = Foundation.framework; path = System/Library/Frameworks/Foundation.framework; sourceTree = SDKROOT; };
		DECA0CF718F68C1000FEA4FE /* CoreGraphics.framework */ = {isa = PBXFileReference; lastKnownFileType = wrapper.framework; name = CoreGraphics.framework; path = System/Library/Frameworks/CoreGraphics.framework; sourceTree = SDKROOT; };
		DECA0CF918F68C1000FEA4FE /* UIKit.framework */ = {isa = PBXFileReference; lastKnownFileType = wrapper.framework; name = UIKit.framework; path = System/Library/Frameworks/UIKit.framework; sourceTree = SDKROOT; };
		DECA0CFD18F68C1000FEA4FE /* TPLAlbum-Info.plist */ = {isa = PBXFileReference; lastKnownFileType = text.plist.xml; path = "TPLAlbum-Info.plist"; sourceTree = "<group>"; };
		DECA0CFF18F68C1000FEA4FE /* en */ = {isa = PBXFileReference; lastKnownFileType = text.plist.strings; name = en; path = en.lproj/InfoPlist.strings; sourceTree = "<group>"; };
		DECA0D0118F68C1000FEA4FE /* main.m */ = {isa = PBXFileReference; lastKnownFileType = sourcecode.c.objc; path = main.m; sourceTree = "<group>"; };
		DECA0D0318F68C1000FEA4FE /* TPLAlbum-Prefix.pch */ = {isa = PBXFileReference; lastKnownFileType = sourcecode.c.h; path = "TPLAlbum-Prefix.pch"; sourceTree = "<group>"; };
		DECA0D0418F68C1000FEA4FE /* AppDelegate.h */ = {isa = PBXFileReference; lastKnownFileType = sourcecode.c.h; path = AppDelegate.h; sourceTree = "<group>"; };
		DECA0D0518F68C1000FEA4FE /* AppDelegate.m */ = {isa = PBXFileReference; lastKnownFileType = sourcecode.c.objc; path = AppDelegate.m; sourceTree = "<group>"; };
		DECA0D0818F68C1000FEA4FE /* Base */ = {isa = PBXFileReference; lastKnownFileType = file.storyboard; name = Base; path = Base.lproj/Main_iPhone.storyboard; sourceTree = "<group>"; };
		DECA0D0B18F68C1000FEA4FE /* Base */ = {isa = PBXFileReference; lastKnownFileType = file.storyboard; name = Base; path = Base.lproj/Main_iPad.storyboard; sourceTree = "<group>"; };
		DECA0D0D18F68C1000FEA4FE /* ViewController.h */ = {isa = PBXFileReference; lastKnownFileType = sourcecode.c.h; path = ViewController.h; sourceTree = "<group>"; };
		DECA0D0E18F68C1000FEA4FE /* ViewController.m */ = {isa = PBXFileReference; lastKnownFileType = sourcecode.c.objc; path = ViewController.m; sourceTree = "<group>"; };
		DECA0D1018F68C1000FEA4FE /* Images.xcassets */ = {isa = PBXFileReference; lastKnownFileType = folder.assetcatalog; path = Images.xcassets; sourceTree = "<group>"; };
		DECA0D1618F68C1000FEA4FE /* TPLAlbumTests.xctest */ = {isa = PBXFileReference; explicitFileType = wrapper.cfbundle; includeInIndex = 0; path = TPLAlbumTests.xctest; sourceTree = BUILT_PRODUCTS_DIR; };
		DECA0D1718F68C1000FEA4FE /* XCTest.framework */ = {isa = PBXFileReference; lastKnownFileType = wrapper.framework; name = XCTest.framework; path = Library/Frameworks/XCTest.framework; sourceTree = DEVELOPER_DIR; };
		DECA0D1F18F68C1000FEA4FE /* TPLAlbumTests-Info.plist */ = {isa = PBXFileReference; lastKnownFileType = text.plist.xml; path = "TPLAlbumTests-Info.plist"; sourceTree = "<group>"; };
		DECA0D2118F68C1000FEA4FE /* en */ = {isa = PBXFileReference; lastKnownFileType = text.plist.strings; name = en; path = en.lproj/InfoPlist.strings; sourceTree = "<group>"; };
		DECA0D2318F68C1000FEA4FE /* TPLAlbumTests.m */ = {isa = PBXFileReference; lastKnownFileType = sourcecode.c.objc; path = TPLAlbumTests.m; sourceTree = "<group>"; };
		DEF58639191F35C900E87870 /* CommenViewController.h */ = {isa = PBXFileReference; fileEncoding = 4; lastKnownFileType = sourcecode.c.h; path = CommenViewController.h; sourceTree = "<group>"; };
		DEF5863A191F35C900E87870 /* CommenViewController.m */ = {isa = PBXFileReference; fileEncoding = 4; lastKnownFileType = sourcecode.c.objc; path = CommenViewController.m; sourceTree = "<group>"; };
		DEF5863B191F35C900E87870 /* TPLChoosePhotosViewController.h */ = {isa = PBXFileReference; fileEncoding = 4; lastKnownFileType = sourcecode.c.h; path = TPLChoosePhotosViewController.h; sourceTree = "<group>"; };
		DEF5863C191F35C900E87870 /* TPLChoosePhotosViewController.m */ = {isa = PBXFileReference; fileEncoding = 4; lastKnownFileType = sourcecode.c.objc; path = TPLChoosePhotosViewController.m; sourceTree = "<group>"; };
		DEF5863D191F35C900E87870 /* TPLChoosePhotosViewController+TakePhoto.h */ = {isa = PBXFileReference; fileEncoding = 4; lastKnownFileType = sourcecode.c.h; path = "TPLChoosePhotosViewController+TakePhoto.h"; sourceTree = "<group>"; };
		DEF5863E191F35C900E87870 /* TPLChoosePhotosViewController+TakePhoto.m */ = {isa = PBXFileReference; fileEncoding = 4; lastKnownFileType = sourcecode.c.objc; path = "TPLChoosePhotosViewController+TakePhoto.m"; sourceTree = "<group>"; };
		DEF58641191F35C900E87870 /* Icon@2x.png */ = {isa = PBXFileReference; lastKnownFileType = image.png; path = "Icon@2x.png"; sourceTree = "<group>"; };
		DEF58642191F35C900E87870 /* LaraCroft@2x.png */ = {isa = PBXFileReference; lastKnownFileType = image.png; path = "LaraCroft@2x.png"; sourceTree = "<group>"; };
		DEF58643191F35C900E87870 /* overlay.png */ = {isa = PBXFileReference; lastKnownFileType = image.png; path = overlay.png; sourceTree = "<group>"; };
		DEF58644191F35C900E87870 /* overlay@2x.png */ = {isa = PBXFileReference; lastKnownFileType = image.png; path = "overlay@2x.png"; sourceTree = "<group>"; };
		DEF58646191F35C900E87870 /* TPLAblumViewController.h */ = {isa = PBXFileReference; fileEncoding = 4; lastKnownFileType = sourcecode.c.h; path = TPLAblumViewController.h; sourceTree = "<group>"; };
		DEF58647191F35C900E87870 /* TPLAblumViewController.m */ = {isa = PBXFileReference; fileEncoding = 4; lastKnownFileType = sourcecode.c.objc; path = TPLAblumViewController.m; sourceTree = "<group>"; };
		DEF58648191F35C900E87870 /* TPLAlbumCollectionCell.h */ = {isa = PBXFileReference; fileEncoding = 4; lastKnownFileType = sourcecode.c.h; path = TPLAlbumCollectionCell.h; sourceTree = "<group>"; };
		DEF58649191F35C900E87870 /* TPLAlbumCollectionCell.m */ = {isa = PBXFileReference; fileEncoding = 4; lastKnownFileType = sourcecode.c.objc; path = TPLAlbumCollectionCell.m; sourceTree = "<group>"; };
		DEF5864A191F35C900E87870 /* TPLAlbumCollectionView.h */ = {isa = PBXFileReference; fileEncoding = 4; lastKnownFileType = sourcecode.c.h; path = TPLAlbumCollectionView.h; sourceTree = "<group>"; };
		DEF5864B191F35C900E87870 /* TPLAlbumCollectionView.m */ = {isa = PBXFileReference; fileEncoding = 4; lastKnownFileType = sourcecode.c.objc; path = TPLAlbumCollectionView.m; sourceTree = "<group>"; };
		DEF5864D191F35C900E87870 /* TPLBigPhoto.h */ = {isa = PBXFileReference; fileEncoding = 4; lastKnownFileType = sourcecode.c.h; path = TPLBigPhoto.h; sourceTree = "<group>"; };
		DEF5864E191F35C900E87870 /* TPLBigPhoto.m */ = {isa = PBXFileReference; fileEncoding = 4; lastKnownFileType = sourcecode.c.objc; path = TPLBigPhoto.m; sourceTree = "<group>"; };
		DEF5864F191F35C900E87870 /* TPLBigPhotoView.h */ = {isa = PBXFileReference; fileEncoding = 4; lastKnownFileType = sourcecode.c.h; path = TPLBigPhotoView.h; sourceTree = "<group>"; };
		DEF58650191F35C900E87870 /* TPLBigPhotoView.m */ = {isa = PBXFileReference; fileEncoding = 4; lastKnownFileType = sourcecode.c.objc; path = TPLBigPhotoView.m; sourceTree = "<group>"; };
		DEF58651191F35C900E87870 /* TPLLookBigPhotosViewController.h */ = {isa = PBXFileReference; fileEncoding = 4; lastKnownFileType = sourcecode.c.h; path = TPLLookBigPhotosViewController.h; sourceTree = "<group>"; };
		DEF58652191F35C900E87870 /* TPLLookBigPhotosViewController.m */ = {isa = PBXFileReference; fileEncoding = 4; lastKnownFileType = sourcecode.c.objc; path = TPLLookBigPhotosViewController.m; sourceTree = "<group>"; };
		DEF58653191F35C900E87870 /* TPLAutoChangeLabel.h */ = {isa = PBXFileReference; fileEncoding = 4; lastKnownFileType = sourcecode.c.h; path = TPLAutoChangeLabel.h; sourceTree = "<group>"; };
		DEF58654191F35C900E87870 /* TPLAutoChangeLabel.m */ = {isa = PBXFileReference; fileEncoding = 4; lastKnownFileType = sourcecode.c.objc; path = TPLAutoChangeLabel.m; sourceTree = "<group>"; };
		DEF58655191F35C900E87870 /* TPLAutoChangeView.h */ = {isa = PBXFileReference; fileEncoding = 4; lastKnownFileType = sourcecode.c.h; path = TPLAutoChangeView.h; sourceTree = "<group>"; };
		DEF58656191F35C900E87870 /* TPLAutoChangeView.m */ = {isa = PBXFileReference; fileEncoding = 4; lastKnownFileType = sourcecode.c.objc; path = TPLAutoChangeView.m; sourceTree = "<group>"; };
		DEF58657191F35C900E87870 /* TPLFlexibleView.h */ = {isa = PBXFileReference; fileEncoding = 4; lastKnownFileType = sourcecode.c.h; path = TPLFlexibleView.h; sourceTree = "<group>"; };
		DEF58658191F35C900E87870 /* TPLFlexibleView.m */ = {isa = PBXFileReference; fileEncoding = 4; lastKnownFileType = sourcecode.c.objc; path = TPLFlexibleView.m; sourceTree = "<group>"; };
		DEF58659191F35C900E87870 /* TPLHelpTool.h */ = {isa = PBXFileReference; fileEncoding = 4; lastKnownFileType = sourcecode.c.h; path = TPLHelpTool.h; sourceTree = "<group>"; };
		DEF5865A191F35C900E87870 /* TPLHelpTool.m */ = {isa = PBXFileReference; fileEncoding = 4; lastKnownFileType = sourcecode.c.objc; path = TPLHelpTool.m; sourceTree = "<group>"; };
		DEF5865B191F35C900E87870 /* TPLMapUtil.h */ = {isa = PBXFileReference; fileEncoding = 4; lastKnownFileType = sourcecode.c.h; path = TPLMapUtil.h; sourceTree = "<group>"; };
		DEF5865C191F35C900E87870 /* TPLMapUtil.m */ = {isa = PBXFileReference; fileEncoding = 4; lastKnownFileType = sourcecode.c.objc; path = TPLMapUtil.m; sourceTree = "<group>"; };
		DEF5865D191F35C900E87870 /* TPLMutableTextLabel.h */ = {isa = PBXFileReference; fileEncoding = 4; lastKnownFileType = sourcecode.c.h; path = TPLMutableTextLabel.h; sourceTree = "<group>"; };
		DEF5865E191F35C900E87870 /* TPLMutableTextLabel.m */ = {isa = PBXFileReference; fileEncoding = 4; lastKnownFileType = sourcecode.c.objc; path = TPLMutableTextLabel.m; sourceTree = "<group>"; };
		DEF5865F191F35C900E87870 /* TPLSegementView.h */ = {isa = PBXFileReference; fileEncoding = 4; lastKnownFileType = sourcecode.c.h; path = TPLSegementView.h; sourceTree = "<group>"; };
		DEF58660191F35C900E87870 /* TPLSegementView.m */ = {isa = PBXFileReference; fileEncoding = 4; lastKnownFileType = sourcecode.c.objc; path = TPLSegementView.m; sourceTree = "<group>"; };
		DEF58661191F35C900E87870 /* TPLShowInfoPanel.h */ = {isa = PBXFileReference; fileEncoding = 4; lastKnownFileType = sourcecode.c.h; path = TPLShowInfoPanel.h; sourceTree = "<group>"; };
		DEF58662191F35C900E87870 /* TPLShowInfoPanel.m */ = {isa = PBXFileReference; fileEncoding = 4; lastKnownFileType = sourcecode.c.objc; path = TPLShowInfoPanel.m; sourceTree = "<group>"; };
		DEF58678191F36EE00E87870 /* u_bg_04@2x.png */ = {isa = PBXFileReference; lastKnownFileType = image.png; path = "u_bg_04@2x.png"; sourceTree = "<group>"; };
		DEF58679191F36EE00E87870 /* u_ico_03@2x.png */ = {isa = PBXFileReference; lastKnownFileType = image.png; path = "u_ico_03@2x.png"; sourceTree = "<group>"; };
		DEF5867D191F37B100E87870 /* MKAnnotationView+WebCache.h */ = {isa = PBXFileReference; fileEncoding = 4; lastKnownFileType = sourcecode.c.h; path = "MKAnnotationView+WebCache.h"; sourceTree = "<group>"; };
		DEF5867E191F37B100E87870 /* MKAnnotationView+WebCache.m */ = {isa = PBXFileReference; fileEncoding = 4; lastKnownFileType = sourcecode.c.objc; path = "MKAnnotationView+WebCache.m"; sourceTree = "<group>"; };
		DEF5867F191F37B100E87870 /* SDImageCache.h */ = {isa = PBXFileReference; fileEncoding = 4; lastKnownFileType = sourcecode.c.h; path = SDImageCache.h; sourceTree = "<group>"; };
		DEF58680191F37B100E87870 /* SDImageCache.m */ = {isa = PBXFileReference; fileEncoding = 4; lastKnownFileType = sourcecode.c.objc; path = SDImageCache.m; sourceTree = "<group>"; };
		DEF58681191F37B100E87870 /* SDImageCacheDelegate.h */ = {isa = PBXFileReference; fileEncoding = 4; lastKnownFileType = sourcecode.c.h; path = SDImageCacheDelegate.h; sourceTree = "<group>"; };
		DEF58682191F37B100E87870 /* SDWebImageCompat.h */ = {isa = PBXFileReference; fileEncoding = 4; lastKnownFileType = sourcecode.c.h; path = SDWebImageCompat.h; sourceTree = "<group>"; };
		DEF58683191F37B100E87870 /* SDWebImageDecoder.h */ = {isa = PBXFileReference; fileEncoding = 4; lastKnownFileType = sourcecode.c.h; path = SDWebImageDecoder.h; sourceTree = "<group>"; };
		DEF58684191F37B100E87870 /* SDWebImageDecoder.m */ = {isa = PBXFileReference; fileEncoding = 4; lastKnownFileType = sourcecode.c.objc; path = SDWebImageDecoder.m; sourceTree = "<group>"; };
		DEF58685191F37B100E87870 /* SDWebImageDownloader.h */ = {isa = PBXFileReference; fileEncoding = 4; lastKnownFileType = sourcecode.c.h; path = SDWebImageDownloader.h; sourceTree = "<group>"; };
		DEF58686191F37B100E87870 /* SDWebImageDownloader.m */ = {isa = PBXFileReference; fileEncoding = 4; lastKnownFileType = sourcecode.c.objc; path = SDWebImageDownloader.m; sourceTree = "<group>"; };
		DEF58687191F37B100E87870 /* SDWebImageDownloaderDelegate.h */ = {isa = PBXFileReference; fileEncoding = 4; lastKnownFileType = sourcecode.c.h; path = SDWebImageDownloaderDelegate.h; sourceTree = "<group>"; };
		DEF58688191F37B100E87870 /* SDWebImageManager.h */ = {isa = PBXFileReference; fileEncoding = 4; lastKnownFileType = sourcecode.c.h; path = SDWebImageManager.h; sourceTree = "<group>"; };
		DEF58689191F37B100E87870 /* SDWebImageManager.m */ = {isa = PBXFileReference; fileEncoding = 4; lastKnownFileType = sourcecode.c.objc; path = SDWebImageManager.m; sourceTree = "<group>"; };
		DEF5868A191F37B100E87870 /* SDWebImageManagerDelegate.h */ = {isa = PBXFileReference; fileEncoding = 4; lastKnownFileType = sourcecode.c.h; path = SDWebImageManagerDelegate.h; sourceTree = "<group>"; };
		DEF5868B191F37B100E87870 /* SDWebImagePrefetcher.h */ = {isa = PBXFileReference; fileEncoding = 4; lastKnownFileType = sourcecode.c.h; path = SDWebImagePrefetcher.h; sourceTree = "<group>"; };
		DEF5868C191F37B100E87870 /* SDWebImagePrefetcher.m */ = {isa = PBXFileReference; fileEncoding = 4; lastKnownFileType = sourcecode.c.objc; path = SDWebImagePrefetcher.m; sourceTree = "<group>"; };
		DEF5868D191F37B100E87870 /* UIButton+WebCache.h */ = {isa = PBXFileReference; fileEncoding = 4; lastKnownFileType = sourcecode.c.h; path = "UIButton+WebCache.h"; sourceTree = "<group>"; };
		DEF5868E191F37B100E87870 /* UIButton+WebCache.m */ = {isa = PBXFileReference; fileEncoding = 4; lastKnownFileType = sourcecode.c.objc; path = "UIButton+WebCache.m"; sourceTree = "<group>"; };
		DEF5868F191F37B100E87870 /* UIImageView+WebCache.h */ = {isa = PBXFileReference; fileEncoding = 4; lastKnownFileType = sourcecode.c.h; path = "UIImageView+WebCache.h"; sourceTree = "<group>"; };
		DEF58690191F37B100E87870 /* UIImageView+WebCache.m */ = {isa = PBXFileReference; fileEncoding = 4; lastKnownFileType = sourcecode.c.objc; path = "UIImageView+WebCache.m"; sourceTree = "<group>"; };
/* End PBXFileReference section */

/* Begin PBXFrameworksBuildPhase section */
		DECA0CEF18F68C1000FEA4FE /* Frameworks */ = {
			isa = PBXFrameworksBuildPhase;
			buildActionMask = 2147483647;
			files = (
				DECA0CF818F68C1000FEA4FE /* CoreGraphics.framework in Frameworks */,
				DECA0CFA18F68C1000FEA4FE /* UIKit.framework in Frameworks */,
				DECA0CF618F68C1000FEA4FE /* Foundation.framework in Frameworks */,
			);
			runOnlyForDeploymentPostprocessing = 0;
		};
		DECA0D1318F68C1000FEA4FE /* Frameworks */ = {
			isa = PBXFrameworksBuildPhase;
			buildActionMask = 2147483647;
			files = (
				DECA0D1818F68C1000FEA4FE /* XCTest.framework in Frameworks */,
				DECA0D1A18F68C1000FEA4FE /* UIKit.framework in Frameworks */,
				DECA0D1918F68C1000FEA4FE /* Foundation.framework in Frameworks */,
			);
			runOnlyForDeploymentPostprocessing = 0;
		};
/* End PBXFrameworksBuildPhase section */

/* Begin PBXGroup section */
		DECA0CE918F68C1000FEA4FE = {
			isa = PBXGroup;
			children = (
				DECA0CFB18F68C1000FEA4FE /* TPLAlbum */,
				DECA0D1D18F68C1000FEA4FE /* TPLAlbumTests */,
				DECA0CF418F68C1000FEA4FE /* Frameworks */,
				DECA0CF318F68C1000FEA4FE /* Products */,
			);
			sourceTree = "<group>";
		};
		DECA0CF318F68C1000FEA4FE /* Products */ = {
			isa = PBXGroup;
			children = (
				DECA0CF218F68C1000FEA4FE /* TPLAlbum.app */,
				DECA0D1618F68C1000FEA4FE /* TPLAlbumTests.xctest */,
			);
			name = Products;
			sourceTree = "<group>";
		};
		DECA0CF418F68C1000FEA4FE /* Frameworks */ = {
			isa = PBXGroup;
			children = (
				DECA0CF518F68C1000FEA4FE /* Foundation.framework */,
				DECA0CF718F68C1000FEA4FE /* CoreGraphics.framework */,
				DECA0CF918F68C1000FEA4FE /* UIKit.framework */,
				DECA0D1718F68C1000FEA4FE /* XCTest.framework */,
			);
			name = Frameworks;
			sourceTree = "<group>";
		};
		DECA0CFB18F68C1000FEA4FE /* TPLAlbum */ = {
			isa = PBXGroup;
			children = (
				DEF5867C191F37B100E87870 /* SDWebImage */,
				DEF58678191F36EE00E87870 /* u_bg_04@2x.png */,
				DEF58679191F36EE00E87870 /* u_ico_03@2x.png */,
				DEF58639191F35C900E87870 /* CommenViewController.h */,
				DEF5863A191F35C900E87870 /* CommenViewController.m */,
				DEF5863B191F35C900E87870 /* TPLChoosePhotosViewController.h */,
				DEF5863C191F35C900E87870 /* TPLChoosePhotosViewController.m */,
				DEF5863D191F35C900E87870 /* TPLChoosePhotosViewController+TakePhoto.h */,
				DEF5863E191F35C900E87870 /* TPLChoosePhotosViewController+TakePhoto.m */,
				DEF5863F191F35C900E87870 /* TPLPackage */,
				DECA0D0418F68C1000FEA4FE /* AppDelegate.h */,
				DECA0D0518F68C1000FEA4FE /* AppDelegate.m */,
				DECA0D0718F68C1000FEA4FE /* Main_iPhone.storyboard */,
				DECA0D0A18F68C1000FEA4FE /* Main_iPad.storyboard */,
				DECA0D0D18F68C1000FEA4FE /* ViewController.h */,
				DECA0D0E18F68C1000FEA4FE /* ViewController.m */,
				DECA0D1018F68C1000FEA4FE /* Images.xcassets */,
				DECA0CFC18F68C1000FEA4FE /* Supporting Files */,
			);
			path = TPLAlbum;
			sourceTree = "<group>";
		};
		DECA0CFC18F68C1000FEA4FE /* Supporting Files */ = {
			isa = PBXGroup;
			children = (
				DECA0CFD18F68C1000FEA4FE /* TPLAlbum-Info.plist */,
				DECA0CFE18F68C1000FEA4FE /* InfoPlist.strings */,
				DECA0D0118F68C1000FEA4FE /* main.m */,
				DECA0D0318F68C1000FEA4FE /* TPLAlbum-Prefix.pch */,
			);
			name = "Supporting Files";
			sourceTree = "<group>";
		};
		DECA0D1D18F68C1000FEA4FE /* TPLAlbumTests */ = {
			isa = PBXGroup;
			children = (
				DECA0D2318F68C1000FEA4FE /* TPLAlbumTests.m */,
				DECA0D1E18F68C1000FEA4FE /* Supporting Files */,
			);
			path = TPLAlbumTests;
			sourceTree = "<group>";
		};
		DECA0D1E18F68C1000FEA4FE /* Supporting Files */ = {
			isa = PBXGroup;
			children = (
				DECA0D1F18F68C1000FEA4FE /* TPLAlbumTests-Info.plist */,
				DECA0D2018F68C1000FEA4FE /* InfoPlist.strings */,
			);
			name = "Supporting Files";
			sourceTree = "<group>";
		};
		DEF5863F191F35C900E87870 /* TPLPackage */ = {
			isa = PBXGroup;
			children = (
				DEF58640191F35C900E87870 /* image */,
				DEF58645191F35C900E87870 /* TPLAlbum */,
				DEF58653191F35C900E87870 /* TPLAutoChangeLabel.h */,
				DEF58654191F35C900E87870 /* TPLAutoChangeLabel.m */,
				DEF58655191F35C900E87870 /* TPLAutoChangeView.h */,
				DEF58656191F35C900E87870 /* TPLAutoChangeView.m */,
				DEF58657191F35C900E87870 /* TPLFlexibleView.h */,
				DEF58658191F35C900E87870 /* TPLFlexibleView.m */,
				DEF58659191F35C900E87870 /* TPLHelpTool.h */,
				DEF5865A191F35C900E87870 /* TPLHelpTool.m */,
				DEF5865B191F35C900E87870 /* TPLMapUtil.h */,
				DEF5865C191F35C900E87870 /* TPLMapUtil.m */,
				DEF5865D191F35C900E87870 /* TPLMutableTextLabel.h */,
				DEF5865E191F35C900E87870 /* TPLMutableTextLabel.m */,
				DEF5865F191F35C900E87870 /* TPLSegementView.h */,
				DEF58660191F35C900E87870 /* TPLSegementView.m */,
				DEF58661191F35C900E87870 /* TPLShowInfoPanel.h */,
				DEF58662191F35C900E87870 /* TPLShowInfoPanel.m */,
			);
			path = TPLPackage;
			sourceTree = "<group>";
		};
		DEF58640191F35C900E87870 /* image */ = {
			isa = PBXGroup;
			children = (
				DEF58641191F35C900E87870 /* Icon@2x.png */,
				DEF58642191F35C900E87870 /* LaraCroft@2x.png */,
				DEF58643191F35C900E87870 /* overlay.png */,
				DEF58644191F35C900E87870 /* overlay@2x.png */,
			);
			path = image;
			sourceTree = "<group>";
		};
		DEF58645191F35C900E87870 /* TPLAlbum */ = {
			isa = PBXGroup;
			children = (
				DEF58646191F35C900E87870 /* TPLAblumViewController.h */,
				DEF58647191F35C900E87870 /* TPLAblumViewController.m */,
				DEF58648191F35C900E87870 /* TPLAlbumCollectionCell.h */,
				DEF58649191F35C900E87870 /* TPLAlbumCollectionCell.m */,
				DEF5864A191F35C900E87870 /* TPLAlbumCollectionView.h */,
				DEF5864B191F35C900E87870 /* TPLAlbumCollectionView.m */,
				DEF5864C191F35C900E87870 /* TPLLookBigPhotos */,
			);
			path = TPLAlbum;
			sourceTree = "<group>";
		};
		DEF5864C191F35C900E87870 /* TPLLookBigPhotos */ = {
			isa = PBXGroup;
			children = (
				DEF5864D191F35C900E87870 /* TPLBigPhoto.h */,
				DEF5864E191F35C900E87870 /* TPLBigPhoto.m */,
				DEF5864F191F35C900E87870 /* TPLBigPhotoView.h */,
				DEF58650191F35C900E87870 /* TPLBigPhotoView.m */,
				DEF58651191F35C900E87870 /* TPLLookBigPhotosViewController.h */,
				DEF58652191F35C900E87870 /* TPLLookBigPhotosViewController.m */,
			);
			path = TPLLookBigPhotos;
			sourceTree = "<group>";
		};
		DEF5867C191F37B100E87870 /* SDWebImage */ = {
			isa = PBXGroup;
			children = (
				DEF5867D191F37B100E87870 /* MKAnnotationView+WebCache.h */,
				DEF5867E191F37B100E87870 /* MKAnnotationView+WebCache.m */,
				DEF5867F191F37B100E87870 /* SDImageCache.h */,
				DEF58680191F37B100E87870 /* SDImageCache.m */,
				DEF58681191F37B100E87870 /* SDImageCacheDelegate.h */,
				DEF58682191F37B100E87870 /* SDWebImageCompat.h */,
				DEF58683191F37B100E87870 /* SDWebImageDecoder.h */,
				DEF58684191F37B100E87870 /* SDWebImageDecoder.m */,
				DEF58685191F37B100E87870 /* SDWebImageDownloader.h */,
				DEF58686191F37B100E87870 /* SDWebImageDownloader.m */,
				DEF58687191F37B100E87870 /* SDWebImageDownloaderDelegate.h */,
				DEF58688191F37B100E87870 /* SDWebImageManager.h */,
				DEF58689191F37B100E87870 /* SDWebImageManager.m */,
				DEF5868A191F37B100E87870 /* SDWebImageManagerDelegate.h */,
				DEF5868B191F37B100E87870 /* SDWebImagePrefetcher.h */,
				DEF5868C191F37B100E87870 /* SDWebImagePrefetcher.m */,
				DEF5868D191F37B100E87870 /* UIButton+WebCache.h */,
				DEF5868E191F37B100E87870 /* UIButton+WebCache.m */,
				DEF5868F191F37B100E87870 /* UIImageView+WebCache.h */,
				DEF58690191F37B100E87870 /* UIImageView+WebCache.m */,
			);
			path = SDWebImage;
			sourceTree = "<group>";
		};
/* End PBXGroup section */

/* Begin PBXNativeTarget section */
		DECA0CF118F68C1000FEA4FE /* TPLAlbum */ = {
			isa = PBXNativeTarget;
			buildConfigurationList = DECA0D2718F68C1000FEA4FE /* Build configuration list for PBXNativeTarget "TPLAlbum" */;
			buildPhases = (
				DECA0CEE18F68C1000FEA4FE /* Sources */,
				DECA0CEF18F68C1000FEA4FE /* Frameworks */,
				DECA0CF018F68C1000FEA4FE /* Resources */,
			);
			buildRules = (
			);
			dependencies = (
			);
			name = TPLAlbum;
			productName = TPLAlbum;
			productReference = DECA0CF218F68C1000FEA4FE /* TPLAlbum.app */;
			productType = "com.apple.product-type.application";
		};
		DECA0D1518F68C1000FEA4FE /* TPLAlbumTests */ = {
			isa = PBXNativeTarget;
			buildConfigurationList = DECA0D2A18F68C1000FEA4FE /* Build configuration list for PBXNativeTarget "TPLAlbumTests" */;
			buildPhases = (
				DECA0D1218F68C1000FEA4FE /* Sources */,
				DECA0D1318F68C1000FEA4FE /* Frameworks */,
				DECA0D1418F68C1000FEA4FE /* Resources */,
			);
			buildRules = (
			);
			dependencies = (
				DECA0D1C18F68C1000FEA4FE /* PBXTargetDependency */,
			);
			name = TPLAlbumTests;
			productName = TPLAlbumTests;
			productReference = DECA0D1618F68C1000FEA4FE /* TPLAlbumTests.xctest */;
			productType = "com.apple.product-type.bundle.unit-test";
		};
/* End PBXNativeTarget section */

/* Begin PBXProject section */
		DECA0CEA18F68C1000FEA4FE /* Project object */ = {
			isa = PBXProject;
			attributes = {
				LastUpgradeCheck = 0510;
				ORGANIZATIONNAME = NB_TPL;
				TargetAttributes = {
					DECA0CF118F68C1000FEA4FE = {
						DevelopmentTeam = FN87A34J65;
					};
					DECA0D1518F68C1000FEA4FE = {
						TestTargetID = DECA0CF118F68C1000FEA4FE;
					};
				};
			};
			buildConfigurationList = DECA0CED18F68C1000FEA4FE /* Build configuration list for PBXProject "TPLAlbum" */;
			compatibilityVersion = "Xcode 3.2";
			developmentRegion = English;
			hasScannedForEncodings = 0;
			knownRegions = (
				en,
				Base,
			);
			mainGroup = DECA0CE918F68C1000FEA4FE;
			productRefGroup = DECA0CF318F68C1000FEA4FE /* Products */;
			projectDirPath = "";
			projectRoot = "";
			targets = (
				DECA0CF118F68C1000FEA4FE /* TPLAlbum */,
				DECA0D1518F68C1000FEA4FE /* TPLAlbumTests */,
			);
		};
/* End PBXProject section */

/* Begin PBXResourcesBuildPhase section */
		DECA0CF018F68C1000FEA4FE /* Resources */ = {
			isa = PBXResourcesBuildPhase;
			buildActionMask = 2147483647;
			files = (
				DECA0D0C18F68C1000FEA4FE /* Main_iPad.storyboard in Resources */,
				DECA0D1118F68C1000FEA4FE /* Images.xcassets in Resources */,
				DECA0D0918F68C1000FEA4FE /* Main_iPhone.storyboard in Resources */,
				DECA0D0018F68C1000FEA4FE /* InfoPlist.strings in Resources */,
				DEF58666191F35C900E87870 /* Icon@2x.png in Resources */,
				DEF5867B191F36EE00E87870 /* u_ico_03@2x.png in Resources */,
				DEF5867A191F36EE00E87870 /* u_bg_04@2x.png in Resources */,
				DEF58669191F35C900E87870 /* overlay@2x.png in Resources */,
				DEF58668191F35C900E87870 /* overlay.png in Resources */,
				DEF58667191F35C900E87870 /* LaraCroft@2x.png in Resources */,
			);
			runOnlyForDeploymentPostprocessing = 0;
		};
		DECA0D1418F68C1000FEA4FE /* Resources */ = {
			isa = PBXResourcesBuildPhase;
			buildActionMask = 2147483647;
			files = (
				DECA0D2218F68C1000FEA4FE /* InfoPlist.strings in Resources */,
			);
			runOnlyForDeploymentPostprocessing = 0;
		};
/* End PBXResourcesBuildPhase section */

/* Begin PBXSourcesBuildPhase section */
		DECA0CEE18F68C1000FEA4FE /* Sources */ = {
			isa = PBXSourcesBuildPhase;
			buildActionMask = 2147483647;
			files = (
				DEF5866E191F35C900E87870 /* TPLBigPhotoView.m in Sources */,
				DEF58676191F35C900E87870 /* TPLSegementView.m in Sources */,
				DEF5866C191F35C900E87870 /* TPLAlbumCollectionView.m in Sources */,
				DEF58696191F37B100E87870 /* SDWebImagePrefetcher.m in Sources */,
				DEF58671191F35C900E87870 /* TPLAutoChangeView.m in Sources */,
				DEF5866B191F35C900E87870 /* TPLAlbumCollectionCell.m in Sources */,
				DEF58693191F37B100E87870 /* SDWebImageDecoder.m in Sources */,
				DECA0D0F18F68C1000FEA4FE /* ViewController.m in Sources */,
				DEF58677191F35C900E87870 /* TPLShowInfoPanel.m in Sources */,
				DEF58692191F37B100E87870 /* SDImageCache.m in Sources */,
				DECA0D0618F68C1000FEA4FE /* AppDelegate.m in Sources */,
				DEF5866D191F35C900E87870 /* TPLBigPhoto.m in Sources */,
				DEF58675191F35C900E87870 /* TPLMutableTextLabel.m in Sources */,
				DECA0D0218F68C1000FEA4FE /* main.m in Sources */,
				DEF58691191F37B100E87870 /* MKAnnotationView+WebCache.m in Sources */,
				DEF58665191F35C900E87870 /* TPLChoosePhotosViewController+TakePhoto.m in Sources */,
				DEF5866F191F35C900E87870 /* TPLLookBigPhotosViewController.m in Sources */,
				DEF58694191F37B100E87870 /* SDWebImageDownloader.m in Sources */,
				DEF58698191F37B100E87870 /* UIImageView+WebCache.m in Sources */,
				DEF58695191F37B100E87870 /* SDWebImageManager.m in Sources */,
				DEF58670191F35C900E87870 /* TPLAutoChangeLabel.m in Sources */,
				DEF5866A191F35C900E87870 /* TPLAblumViewController.m in Sources */,
				DEF58663191F35C900E87870 /* CommenViewController.m in Sources */,
				DEF58664191F35C900E87870 /* TPLChoosePhotosViewController.m in Sources */,
				DEF58672191F35C900E87870 /* TPLFlexibleView.m in Sources */,
				DEF58673191F35C900E87870 /* TPLHelpTool.m in Sources */,
				DEF58697191F37B100E87870 /* UIButton+WebCache.m in Sources */,
				DEF58674191F35C900E87870 /* TPLMapUtil.m in Sources */,
			);
			runOnlyForDeploymentPostprocessing = 0;
		};
		DECA0D1218F68C1000FEA4FE /* Sources */ = {
			isa = PBXSourcesBuildPhase;
			buildActionMask = 2147483647;
			files = (
				DECA0D2418F68C1000FEA4FE /* TPLAlbumTests.m in Sources */,
			);
			runOnlyForDeploymentPostprocessing = 0;
		};
/* End PBXSourcesBuildPhase section */

/* Begin PBXTargetDependency section */
		DECA0D1C18F68C1000FEA4FE /* PBXTargetDependency */ = {
			isa = PBXTargetDependency;
			target = DECA0CF118F68C1000FEA4FE /* TPLAlbum */;
			targetProxy = DECA0D1B18F68C1000FEA4FE /* PBXContainerItemProxy */;
		};
/* End PBXTargetDependency section */

/* Begin PBXVariantGroup section */
		DECA0CFE18F68C1000FEA4FE /* InfoPlist.strings */ = {
			isa = PBXVariantGroup;
			children = (
				DECA0CFF18F68C1000FEA4FE /* en */,
			);
			name = InfoPlist.strings;
			sourceTree = "<group>";
		};
		DECA0D0718F68C1000FEA4FE /* Main_iPhone.storyboard */ = {
			isa = PBXVariantGroup;
			children = (
				DECA0D0818F68C1000FEA4FE /* Base */,
			);
			name = Main_iPhone.storyboard;
			sourceTree = "<group>";
		};
		DECA0D0A18F68C1000FEA4FE /* Main_iPad.storyboard */ = {
			isa = PBXVariantGroup;
			children = (
				DECA0D0B18F68C1000FEA4FE /* Base */,
			);
			name = Main_iPad.storyboard;
			sourceTree = "<group>";
		};
		DECA0D2018F68C1000FEA4FE /* InfoPlist.strings */ = {
			isa = PBXVariantGroup;
			children = (
				DECA0D2118F68C1000FEA4FE /* en */,
			);
			name = InfoPlist.strings;
			sourceTree = "<group>";
		};
/* End PBXVariantGroup section */

/* Begin XCBuildConfiguration section */
		DECA0D2518F68C1000FEA4FE /* Debug */ = {
			isa = XCBuildConfiguration;
			buildSettings = {
				ALWAYS_SEARCH_USER_PATHS = NO;
				CLANG_CXX_LANGUAGE_STANDARD = "gnu++0x";
				CLANG_CXX_LIBRARY = "libc++";
				CLANG_ENABLE_MODULES = YES;
				CLANG_ENABLE_OBJC_ARC = YES;
				CLANG_WARN_BOOL_CONVERSION = YES;
				CLANG_WARN_CONSTANT_CONVERSION = YES;
				CLANG_WARN_DIRECT_OBJC_ISA_USAGE = YES_ERROR;
				CLANG_WARN_EMPTY_BODY = YES;
				CLANG_WARN_ENUM_CONVERSION = YES;
				CLANG_WARN_INT_CONVERSION = YES;
				CLANG_WARN_OBJC_ROOT_CLASS = YES_ERROR;
				CLANG_WARN__DUPLICATE_METHOD_MATCH = YES;
				CODE_SIGN_IDENTITY = "iPhone Developer";
				"CODE_SIGN_IDENTITY[sdk=iphoneos*]" = "iPhone Developer";
				COPY_PHASE_STRIP = NO;
				GCC_C_LANGUAGE_STANDARD = gnu99;
				GCC_DYNAMIC_NO_PIC = NO;
				GCC_OPTIMIZATION_LEVEL = 0;
				GCC_PREPROCESSOR_DEFINITIONS = (
					"DEBUG=1",
					"$(inherited)",
				);
				GCC_SYMBOLS_PRIVATE_EXTERN = NO;
				GCC_WARN_64_TO_32_BIT_CONVERSION = YES;
				GCC_WARN_ABOUT_RETURN_TYPE = YES_ERROR;
				GCC_WARN_UNDECLARED_SELECTOR = YES;
				GCC_WARN_UNINITIALIZED_AUTOS = YES_AGGRESSIVE;
				GCC_WARN_UNUSED_FUNCTION = YES;
				GCC_WARN_UNUSED_VARIABLE = YES;
				IPHONEOS_DEPLOYMENT_TARGET = 6.0;
				ONLY_ACTIVE_ARCH = YES;
				SDKROOT = iphoneos;
				TARGETED_DEVICE_FAMILY = "1,2";
			};
			name = Debug;
		};
		DECA0D2618F68C1000FEA4FE /* Release */ = {
			isa = XCBuildConfiguration;
			buildSettings = {
				ALWAYS_SEARCH_USER_PATHS = NO;
				CLANG_CXX_LANGUAGE_STANDARD = "gnu++0x";
				CLANG_CXX_LIBRARY = "libc++";
				CLANG_ENABLE_MODULES = YES;
				CLANG_ENABLE_OBJC_ARC = YES;
				CLANG_WARN_BOOL_CONVERSION = YES;
				CLANG_WARN_CONSTANT_CONVERSION = YES;
				CLANG_WARN_DIRECT_OBJC_ISA_USAGE = YES_ERROR;
				CLANG_WARN_EMPTY_BODY = YES;
				CLANG_WARN_ENUM_CONVERSION = YES;
				CLANG_WARN_INT_CONVERSION = YES;
				CLANG_WARN_OBJC_ROOT_CLASS = YES_ERROR;
				CLANG_WARN__DUPLICATE_METHOD_MATCH = YES;
				CODE_SIGN_IDENTITY = "iPhone Developer";
				"CODE_SIGN_IDENTITY[sdk=iphoneos*]" = "iPhone Developer";
				COPY_PHASE_STRIP = YES;
				ENABLE_NS_ASSERTIONS = NO;
				GCC_C_LANGUAGE_STANDARD = gnu99;
				GCC_WARN_64_TO_32_BIT_CONVERSION = YES;
				GCC_WARN_ABOUT_RETURN_TYPE = YES_ERROR;
				GCC_WARN_UNDECLARED_SELECTOR = YES;
				GCC_WARN_UNINITIALIZED_AUTOS = YES_AGGRESSIVE;
				GCC_WARN_UNUSED_FUNCTION = YES;
				GCC_WARN_UNUSED_VARIABLE = YES;
				IPHONEOS_DEPLOYMENT_TARGET = 6.0;
				SDKROOT = iphoneos;
				TARGETED_DEVICE_FAMILY = "1,2";
				VALIDATE_PRODUCT = YES;
			};
			name = Release;
		};
		DECA0D2818F68C1000FEA4FE /* Debug */ = {
			isa = XCBuildConfiguration;
			buildSettings = {
				ASSETCATALOG_COMPILER_APPICON_NAME = AppIcon;
				ASSETCATALOG_COMPILER_LAUNCHIMAGE_NAME = LaunchImage;
				CODE_SIGN_IDENTITY = "iPhone Developer";
				"CODE_SIGN_IDENTITY[sdk=iphoneos*]" = "iPhone Developer";
				GCC_PRECOMPILE_PREFIX_HEADER = YES;
				GCC_PREFIX_HEADER = "TPLAlbum/TPLAlbum-Prefix.pch";
				INFOPLIST_FILE = "TPLAlbum/TPLAlbum-Info.plist";
				IPHONEOS_DEPLOYMENT_TARGET = 6.1;
				PRODUCT_NAME = "$(TARGET_NAME)";
				PROVISIONING_PROFILE = "";
				TARGETED_DEVICE_FAMILY = 1;
				WRAPPER_EXTENSION = app;
			};
			name = Debug;
		};
		DECA0D2918F68C1000FEA4FE /* Release */ = {
			isa = XCBuildConfiguration;
			buildSettings = {
				ASSETCATALOG_COMPILER_APPICON_NAME = AppIcon;
				ASSETCATALOG_COMPILER_LAUNCHIMAGE_NAME = LaunchImage;
				CODE_SIGN_IDENTITY = "iPhone Developer";
				"CODE_SIGN_IDENTITY[sdk=iphoneos*]" = "iPhone Developer";
				GCC_PRECOMPILE_PREFIX_HEADER = YES;
				GCC_PREFIX_HEADER = "TPLAlbum/TPLAlbum-Prefix.pch";
				INFOPLIST_FILE = "TPLAlbum/TPLAlbum-Info.plist";
				IPHONEOS_DEPLOYMENT_TARGET = 6.1;
				PRODUCT_NAME = "$(TARGET_NAME)";
				PROVISIONING_PROFILE = "";
				TARGETED_DEVICE_FAMILY = 1;
				WRAPPER_EXTENSION = app;
			};
			name = Release;
		};
		DECA0D2B18F68C1000FEA4FE /* Debug */ = {
			isa = XCBuildConfiguration;
			buildSettings = {
				BUNDLE_LOADER = "$(BUILT_PRODUCTS_DIR)/TPLAlbum.app/TPLAlbum";
				FRAMEWORK_SEARCH_PATHS = (
					"$(SDKROOT)/Developer/Library/Frameworks",
					"$(inherited)",
					"$(DEVELOPER_FRAMEWORKS_DIR)",
				);
				GCC_PRECOMPILE_PREFIX_HEADER = YES;
				GCC_PREFIX_HEADER = "TPLAlbum/TPLAlbum-Prefix.pch";
				GCC_PREPROCESSOR_DEFINITIONS = (
					"DEBUG=1",
					"$(inherited)",
				);
				INFOPLIST_FILE = "TPLAlbumTests/TPLAlbumTests-Info.plist";
				PRODUCT_NAME = "$(TARGET_NAME)";
				TEST_HOST = "$(BUNDLE_LOADER)";
				WRAPPER_EXTENSION = xctest;
			};
			name = Debug;
		};
		DECA0D2C18F68C1000FEA4FE /* Release */ = {
			isa = XCBuildConfiguration;
			buildSettings = {
				BUNDLE_LOADER = "$(BUILT_PRODUCTS_DIR)/TPLAlbum.app/TPLAlbum";
				FRAMEWORK_SEARCH_PATHS = (
					"$(SDKROOT)/Developer/Library/Frameworks",
					"$(inherited)",
					"$(DEVELOPER_FRAMEWORKS_DIR)",
				);
				GCC_PRECOMPILE_PREFIX_HEADER = YES;
				GCC_PREFIX_HEADER = "TPLAlbum/TPLAlbum-Prefix.pch";
				INFOPLIST_FILE = "TPLAlbumTests/TPLAlbumTests-Info.plist";
				PRODUCT_NAME = "$(TARGET_NAME)";
				TEST_HOST = "$(BUNDLE_LOADER)";
				WRAPPER_EXTENSION = xctest;
			};
			name = Release;
		};
/* End XCBuildConfiguration section */

/* Begin XCConfigurationList section */
		DECA0CED18F68C1000FEA4FE /* Build configuration list for PBXProject "TPLAlbum" */ = {
			isa = XCConfigurationList;
			buildConfigurations = (
				DECA0D2518F68C1000FEA4FE /* Debug */,
				DECA0D2618F68C1000FEA4FE /* Release */,
			);
			defaultConfigurationIsVisible = 0;
			defaultConfigurationName = Release;
		};
		DECA0D2718F68C1000FEA4FE /* Build configuration list for PBXNativeTarget "TPLAlbum" */ = {
			isa = XCConfigurationList;
			buildConfigurations = (
				DECA0D2818F68C1000FEA4FE /* Debug */,
				DECA0D2918F68C1000FEA4FE /* Release */,
			);
			defaultConfigurationIsVisible = 0;
			defaultConfigurationName = Release;
		};
		DECA0D2A18F68C1000FEA4FE /* Build configuration list for PBXNativeTarget "TPLAlbumTests" */ = {
			isa = XCConfigurationList;
			buildConfigurations = (
				DECA0D2B18F68C1000FEA4FE /* Debug */,
				DECA0D2C18F68C1000FEA4FE /* Release */,
			);
			defaultConfigurationIsVisible = 0;
			defaultConfigurationName = Release;
		};
/* End XCConfigurationList section */
	};
	rootObject = DECA0CEA18F68C1000FEA4FE /* Project object */;
}
