// !$*UTF8*$!
{
	archiveVersion = 1;
	classes = {
	};
	objectVersion = 46;
	objects = {

/* Begin PBXBuildFile section */
		DECA0CF618F68C1000FEA4FE /* Foundation.framework in Frameworks */ = {isa = PBXBuildFile; fileRef = DECA0CF518F68C1000FEA4FE /* Foundation.framework */; };
		DECA0CF818F68C1000FEA4FE /* CoreGraphics.framework in Frameworks */ = {isa = PBXBuildFile; fileRef = DECA0CF718F68C1000FEA4FE /* CoreGraphics.framework */; };
		DECA0CFA18F68C1000FEA4FE /* UIKit.framework in Frameworks */ = {isa = PBXBuildFile; fileRef = DECA0CF918F68C1000FEA4FE /* UIKit.framework */; };
		DECA0D0018F68C1000FEA4FE /* InfoPlist.strings in Resources */ = {isa = PBXBuildFile; fileRef = DECA0CFE18F68C1000FEA4FE /* InfoPlist.strings */; };
		DECA0D0218F68C1000FEA4FE /* main.m in Sources */ = {isa = PBXBuildFile; fileRef = DECA0D0118F68C1000FEA4FE /* main.m */; };
		DECA0D0618F68C1000FEA4FE /* AppDelegate.m in Sources */ = {isa = PBXBuildFile; fileRef = DECA0D0518F68C1000FEA4FE /* AppDelegate.m */; };
		DECA0D0918F68C1000FEA4FE /* Main_iPhone.storyboard in Resources */ = {isa = PBXBuildFile; fileRef = DECA0D0718F68C1000FEA4FE /* Main_iPhone.storyboard */; };
		DECA0D0C18F68C1000FEA4FE /* Main_iPad.storyboard in Resources */ = {isa = PBXBuildFile; fileRef = DECA0D0A18F68C1000FEA4FE /* Main_iPad.storyboard */; };
		DECA0D0F18F68C1000FEA4FE /* ViewController.m in Sources */ = {isa = PBXBuildFile; fileRef = DECA0D0E18F68C1000FEA4FE /* ViewController.m */; };
		DECA0D1118F68C1000FEA4FE /* Images.xcassets in Resources */ = {isa = PBXBuildFile; fileRef = DECA0D1018F68C1000FEA4FE /* Images.xcassets */; };
		DECA0D1818F68C1000FEA4FE /* XCTest.framework in Frameworks */ = {isa = PBXBuildFile; fileRef = DECA0D1718F68C1000FEA4FE /* XCTest.framework */; };
		DECA0D1918F68C1000FEA4FE /* Foundation.framework in Frameworks */ = {isa = PBXBuildFile; fileRef = DECA0CF518F68C1000FEA4FE /* Foundation.framework */; };
		DECA0D1A18F68C1000FEA4FE /* UIKit.framework in Frameworks */ = {isa = PBXBuildFile; fileRef = DECA0CF918F68C1000FEA4FE /* UIKit.framework */; };
		DECA0D2218F68C1000FEA4FE /* InfoPlist.strings in Resources */ = {isa = PBXBuildFile; fileRef = DECA0D2018F68C1000FEA4FE /* InfoPlist.strings */; };
		DECA0D2418F68C1000FEA4FE /* TPLAlbumTests.m in Sources */ = {isa = PBXBuildFile; fileRef = DECA0D2318F68C1000FEA4FE /* TPLAlbumTests.m */; };
		DECA0D3E18F6A03700FEA4FE /* TPLAutoChangeLabel.m in Sources */ = {isa = PBXBuildFile; fileRef = DECA0D2F18F6A03700FEA4FE /* TPLAutoChangeLabel.m */; };
		DECA0D3F18F6A03700FEA4FE /* TPLAutoChangeView.m in Sources */ = {isa = PBXBuildFile; fileRef = DECA0D3118F6A03700FEA4FE /* TPLAutoChangeView.m */; };
		DECA0D4018F6A03700FEA4FE /* TPLFlexibleView.m in Sources */ = {isa = PBXBuildFile; fileRef = DECA0D3318F6A03700FEA4FE /* TPLFlexibleView.m */; };
		DECA0D4118F6A03700FEA4FE /* TPLHelpTool.m in Sources */ = {isa = PBXBuildFile; fileRef = DECA0D3518F6A03700FEA4FE /* TPLHelpTool.m */; };
		DECA0D4218F6A03700FEA4FE /* TPLMapUtil.m in Sources */ = {isa = PBXBuildFile; fileRef = DECA0D3718F6A03700FEA4FE /* TPLMapUtil.m */; settings = {COMPILER_FLAGS = "-fno-objc-arc"; }; };
		DECA0D4318F6A03700FEA4FE /* TPLMutableTextLabel.m in Sources */ = {isa = PBXBuildFile; fileRef = DECA0D3918F6A03700FEA4FE /* TPLMutableTextLabel.m */; };
		DECA0D4418F6A03700FEA4FE /* TPLSegementView.m in Sources */ = {isa = PBXBuildFile; fileRef = DECA0D3B18F6A03700FEA4FE /* TPLSegementView.m */; };
		DECA0D4518F6A03700FEA4FE /* TPLShowInfoPanel.m in Sources */ = {isa = PBXBuildFile; fileRef = DECA0D3D18F6A03700FEA4FE /* TPLShowInfoPanel.m */; };
/* End PBXBuildFile section */

/* Begin PBXContainerItemProxy section */
		DECA0D1B18F68C1000FEA4FE /* PBXContainerItemProxy */ = {
			isa = PBXContainerItemProxy;
			containerPortal = DECA0CEA18F68C1000FEA4FE /* Project object */;
			proxyType = 1;
			remoteGlobalIDString = DECA0CF118F68C1000FEA4FE;
			remoteInfo = TPLAlbum;
		};
/* End PBXContainerItemProxy section */

/* Begin PBXFileReference section */
		DECA0CF218F68C1000FEA4FE /* TPLAlbum.app */ = {isa = PBXFileReference; explicitFileType = wrapper.application; includeInIndex = 0; path = TPLAlbum.app; sourceTree = BUILT_PRODUCTS_DIR; };
		DECA0CF518F68C1000FEA4FE /* Foundation.framework */ = {isa = PBXFileReference; lastKnownFileType = wrapper.framework; name = Foundation.framework; path = System/Library/Frameworks/Foundation.framework; sourceTree = SDKROOT; };
		DECA0CF718F68C1000FEA4FE /* CoreGraphics.framework */ = {isa = PBXFileReference; lastKnownFileType = wrapper.framework; name = CoreGraphics.framework; path = System/Library/Frameworks/CoreGraphics.framework; sourceTree = SDKROOT; };
		DECA0CF918F68C1000FEA4FE /* UIKit.framework */ = {isa = PBXFileReference; lastKnownFileType = wrapper.framework; name = UIKit.framework; path = System/Library/Frameworks/UIKit.framework; sourceTree = SDKROOT; };
		DECA0CFD18F68C1000FEA4FE /* TPLAlbum-Info.plist */ = {isa = PBXFileReference; lastKnownFileType = text.plist.xml; path = "TPLAlbum-Info.plist"; sourceTree = "<group>"; };
		DECA0CFF18F68C1000FEA4FE /* en */ = {isa = PBXFileReference; lastKnownFileType = text.plist.strings; name = en; path = en.lproj/InfoPlist.strings; sourceTree = "<group>"; };
		DECA0D0118F68C1000FEA4FE /* main.m */ = {isa = PBXFileReference; lastKnownFileType = sourcecode.c.objc; path = main.m; sourceTree = "<group>"; };
		DECA0D0318F68C1000FEA4FE /* TPLAlbum-Prefix.pch */ = {isa = PBXFileReference; lastKnownFileType = sourcecode.c.h; path = "TPLAlbum-Prefix.pch"; sourceTree = "<group>"; };
		DECA0D0418F68C1000FEA4FE /* AppDelegate.h */ = {isa = PBXFileReference; lastKnownFileType = sourcecode.c.h; path = AppDelegate.h; sourceTree = "<group>"; };
		DECA0D0518F68C1000FEA4FE /* AppDelegate.m */ = {isa = PBXFileReference; lastKnownFileType = sourcecode.c.objc; path = AppDelegate.m; sourceTree = "<group>"; };
		DECA0D0818F68C1000FEA4FE /* Base */ = {isa = PBXFileReference; lastKnownFileType = file.storyboard; name = Base; path = Base.lproj/Main_iPhone.storyboard; sourceTree = "<group>"; };
		DECA0D0B18F68C1000FEA4FE /* Base */ = {isa = PBXFileReference; lastKnownFileType = file.storyboard; name = Base; path = Base.lproj/Main_iPad.storyboard; sourceTree = "<group>"; };
		DECA0D0D18F68C1000FEA4FE /* ViewController.h */ = {isa = PBXFileReference; lastKnownFileType = sourcecode.c.h; path = ViewController.h; sourceTree = "<group>"; };
		DECA0D0E18F68C1000FEA4FE /* ViewController.m */ = {isa = PBXFileReference; lastKnownFileType = sourcecode.c.objc; path = ViewController.m; sourceTree = "<group>"; };
		DECA0D1018F68C1000FEA4FE /* Images.xcassets */ = {isa = PBXFileReference; lastKnownFileType = folder.assetcatalog; path = Images.xcassets; sourceTree = "<group>"; };
		DECA0D1618F68C1000FEA4FE /* TPLAlbumTests.xctest */ = {isa = PBXFileReference; explicitFileType = wrapper.cfbundle; includeInIndex = 0; path = TPLAlbumTests.xctest; sourceTree = BUILT_PRODUCTS_DIR; };
		DECA0D1718F68C1000FEA4FE /* XCTest.framework */ = {isa = PBXFileReference; lastKnownFileType = wrapper.framework; name = XCTest.framework; path = Library/Frameworks/XCTest.framework; sourceTree = DEVELOPER_DIR; };
		DECA0D1F18F68C1000FEA4FE /* TPLAlbumTests-Info.plist */ = {isa = PBXFileReference; lastKnownFileType = text.plist.xml; path = "TPLAlbumTests-Info.plist"; sourceTree = "<group>"; };
		DECA0D2118F68C1000FEA4FE /* en */ = {isa = PBXFileReference; lastKnownFileType = text.plist.strings; name = en; path = en.lproj/InfoPlist.strings; sourceTree = "<group>"; };
		DECA0D2318F68C1000FEA4FE /* TPLAlbumTests.m */ = {isa = PBXFileReference; lastKnownFileType = sourcecode.c.objc; path = TPLAlbumTests.m; sourceTree = "<group>"; };
		DECA0D2E18F6A03700FEA4FE /* TPLAutoChangeLabel.h */ = {isa = PBXFileReference; fileEncoding = 4; lastKnownFileType = sourcecode.c.h; path = TPLAutoChangeLabel.h; sourceTree = "<group>"; };
		DECA0D2F18F6A03700FEA4FE /* TPLAutoChangeLabel.m */ = {isa = PBXFileReference; fileEncoding = 4; lastKnownFileType = sourcecode.c.objc; path = TPLAutoChangeLabel.m; sourceTree = "<group>"; };
		DECA0D3018F6A03700FEA4FE /* TPLAutoChangeView.h */ = {isa = PBXFileReference; fileEncoding = 4; lastKnownFileType = sourcecode.c.h; path = TPLAutoChangeView.h; sourceTree = "<group>"; };
		DECA0D3118F6A03700FEA4FE /* TPLAutoChangeView.m */ = {isa = PBXFileReference; fileEncoding = 4; lastKnownFileType = sourcecode.c.objc; path = TPLAutoChangeView.m; sourceTree = "<group>"; };
		DECA0D3218F6A03700FEA4FE /* TPLFlexibleView.h */ = {isa = PBXFileReference; fileEncoding = 4; lastKnownFileType = sourcecode.c.h; path = TPLFlexibleView.h; sourceTree = "<group>"; };
		DECA0D3318F6A03700FEA4FE /* TPLFlexibleView.m */ = {isa = PBXFileReference; fileEncoding = 4; lastKnownFileType = sourcecode.c.objc; path = TPLFlexibleView.m; sourceTree = "<group>"; };
		DECA0D3418F6A03700FEA4FE /* TPLHelpTool.h */ = {isa = PBXFileReference; fileEncoding = 4; lastKnownFileType = sourcecode.c.h; path = TPLHelpTool.h; sourceTree = "<group>"; };
		DECA0D3518F6A03700FEA4FE /* TPLHelpTool.m */ = {isa = PBXFileReference; fileEncoding = 4; lastKnownFileType = sourcecode.c.objc; path = TPLHelpTool.m; sourceTree = "<group>"; };
		DECA0D3618F6A03700FEA4FE /* TPLMapUtil.h */ = {isa = PBXFileReference; fileEncoding = 4; lastKnownFileType = sourcecode.c.h; path = TPLMapUtil.h; sourceTree = "<group>"; };
		DECA0D3718F6A03700FEA4FE /* TPLMapUtil.m */ = {isa = PBXFileReference; fileEncoding = 4; lastKnownFileType = sourcecode.c.objc; path = TPLMapUtil.m; sourceTree = "<group>"; };
		DECA0D3818F6A03700FEA4FE /* TPLMutableTextLabel.h */ = {isa = PBXFileReference; fileEncoding = 4; lastKnownFileType = sourcecode.c.h; path = TPLMutableTextLabel.h; sourceTree = "<group>"; };
		DECA0D3918F6A03700FEA4FE /* TPLMutableTextLabel.m */ = {isa = PBXFileReference; fileEncoding = 4; lastKnownFileType = sourcecode.c.objc; path = TPLMutableTextLabel.m; sourceTree = "<group>"; };
		DECA0D3A18F6A03700FEA4FE /* TPLSegementView.h */ = {isa = PBXFileReference; fileEncoding = 4; lastKnownFileType = sourcecode.c.h; path = TPLSegementView.h; sourceTree = "<group>"; };
		DECA0D3B18F6A03700FEA4FE /* TPLSegementView.m */ = {isa = PBXFileReference; fileEncoding = 4; lastKnownFileType = sourcecode.c.objc; path = TPLSegementView.m; sourceTree = "<group>"; };
		DECA0D3C18F6A03700FEA4FE /* TPLShowInfoPanel.h */ = {isa = PBXFileReference; fileEncoding = 4; lastKnownFileType = sourcecode.c.h; path = TPLShowInfoPanel.h; sourceTree = "<group>"; };
		DECA0D3D18F6A03700FEA4FE /* TPLShowInfoPanel.m */ = {isa = PBXFileReference; fileEncoding = 4; lastKnownFileType = sourcecode.c.objc; path = TPLShowInfoPanel.m; sourceTree = "<group>"; };
/* End PBXFileReference section */

/* Begin PBXFrameworksBuildPhase section */
		DECA0CEF18F68C1000FEA4FE /* Frameworks */ = {
			isa = PBXFrameworksBuildPhase;
			buildActionMask = 2147483647;
			files = (
				DECA0CF818F68C1000FEA4FE /* CoreGraphics.framework in Frameworks */,
				DECA0CFA18F68C1000FEA4FE /* UIKit.framework in Frameworks */,
				DECA0CF618F68C1000FEA4FE /* Foundation.framework in Frameworks */,
			);
			runOnlyForDeploymentPostprocessing = 0;
		};
		DECA0D1318F68C1000FEA4FE /* Frameworks */ = {
			isa = PBXFrameworksBuildPhase;
			buildActionMask = 2147483647;
			files = (
				DECA0D1818F68C1000FEA4FE /* XCTest.framework in Frameworks */,
				DECA0D1A18F68C1000FEA4FE /* UIKit.framework in Frameworks */,
				DECA0D1918F68C1000FEA4FE /* Foundation.framework in Frameworks */,
			);
			runOnlyForDeploymentPostprocessing = 0;
		};
/* End PBXFrameworksBuildPhase section */

/* Begin PBXGroup section */
		DECA0CE918F68C1000FEA4FE = {
			isa = PBXGroup;
			children = (
				DECA0CFB18F68C1000FEA4FE /* TPLAlbum */,
				DECA0D1D18F68C1000FEA4FE /* TPLAlbumTests */,
				DECA0CF418F68C1000FEA4FE /* Frameworks */,
				DECA0CF318F68C1000FEA4FE /* Products */,
			);
			sourceTree = "<group>";
		};
		DECA0CF318F68C1000FEA4FE /* Products */ = {
			isa = PBXGroup;
			children = (
				DECA0CF218F68C1000FEA4FE /* TPLAlbum.app */,
				DECA0D1618F68C1000FEA4FE /* TPLAlbumTests.xctest */,
			);
			name = Products;
			sourceTree = "<group>";
		};
		DECA0CF418F68C1000FEA4FE /* Frameworks */ = {
			isa = PBXGroup;
			children = (
				DECA0CF518F68C1000FEA4FE /* Foundation.framework */,
				DECA0CF718F68C1000FEA4FE /* CoreGraphics.framework */,
				DECA0CF918F68C1000FEA4FE /* UIKit.framework */,
				DECA0D1718F68C1000FEA4FE /* XCTest.framework */,
			);
			name = Frameworks;
			sourceTree = "<group>";
		};
		DECA0CFB18F68C1000FEA4FE /* TPLAlbum */ = {
			isa = PBXGroup;
			children = (
				DECA0D2D18F6A03700FEA4FE /* TPLPackage */,
				DECA0D0418F68C1000FEA4FE /* AppDelegate.h */,
				DECA0D0518F68C1000FEA4FE /* AppDelegate.m */,
				DECA0D0718F68C1000FEA4FE /* Main_iPhone.storyboard */,
				DECA0D0A18F68C1000FEA4FE /* Main_iPad.storyboard */,
				DECA0D0D18F68C1000FEA4FE /* ViewController.h */,
				DECA0D0E18F68C1000FEA4FE /* ViewController.m */,
				DECA0D1018F68C1000FEA4FE /* Images.xcassets */,
				DECA0CFC18F68C1000FEA4FE /* Supporting Files */,
			);
			path = TPLAlbum;
			sourceTree = "<group>";
		};
		DECA0CFC18F68C1000FEA4FE /* Supporting Files */ = {
			isa = PBXGroup;
			children = (
				DECA0CFD18F68C1000FEA4FE /* TPLAlbum-Info.plist */,
				DECA0CFE18F68C1000FEA4FE /* InfoPlist.strings */,
				DECA0D0118F68C1000FEA4FE /* main.m */,
				DECA0D0318F68C1000FEA4FE /* TPLAlbum-Prefix.pch */,
			);
			name = "Supporting Files";
			sourceTree = "<group>";
		};
		DECA0D1D18F68C1000FEA4FE /* TPLAlbumTests */ = {
			isa = PBXGroup;
			children = (
				DECA0D2318F68C1000FEA4FE /* TPLAlbumTests.m */,
				DECA0D1E18F68C1000FEA4FE /* Supporting Files */,
			);
			path = TPLAlbumTests;
			sourceTree = "<group>";
		};
		DECA0D1E18F68C1000FEA4FE /* Supporting Files */ = {
			isa = PBXGroup;
			children = (
				DECA0D1F18F68C1000FEA4FE /* TPLAlbumTests-Info.plist */,
				DECA0D2018F68C1000FEA4FE /* InfoPlist.strings */,
			);
			name = "Supporting Files";
			sourceTree = "<group>";
		};
		DECA0D2D18F6A03700FEA4FE /* TPLPackage */ = {
			isa = PBXGroup;
			children = (
				DECA0D2E18F6A03700FEA4FE /* TPLAutoChangeLabel.h */,
				DECA0D2F18F6A03700FEA4FE /* TPLAutoChangeLabel.m */,
				DECA0D3018F6A03700FEA4FE /* TPLAutoChangeView.h */,
				DECA0D3118F6A03700FEA4FE /* TPLAutoChangeView.m */,
				DECA0D3218F6A03700FEA4FE /* TPLFlexibleView.h */,
				DECA0D3318F6A03700FEA4FE /* TPLFlexibleView.m */,
				DECA0D3418F6A03700FEA4FE /* TPLHelpTool.h */,
				DECA0D3518F6A03700FEA4FE /* TPLHelpTool.m */,
				DECA0D3618F6A03700FEA4FE /* TPLMapUtil.h */,
				DECA0D3718F6A03700FEA4FE /* TPLMapUtil.m */,
				DECA0D3818F6A03700FEA4FE /* TPLMutableTextLabel.h */,
				DECA0D3918F6A03700FEA4FE /* TPLMutableTextLabel.m */,
				DECA0D3A18F6A03700FEA4FE /* TPLSegementView.h */,
				DECA0D3B18F6A03700FEA4FE /* TPLSegementView.m */,
				DECA0D3C18F6A03700FEA4FE /* TPLShowInfoPanel.h */,
				DECA0D3D18F6A03700FEA4FE /* TPLShowInfoPanel.m */,
			);
			path = TPLPackage;
			sourceTree = "<group>";
		};
/* End PBXGroup section */

/* Begin PBXNativeTarget section */
		DECA0CF118F68C1000FEA4FE /* TPLAlbum */ = {
			isa = PBXNativeTarget;
			buildConfigurationList = DECA0D2718F68C1000FEA4FE /* Build configuration list for PBXNativeTarget "TPLAlbum" */;
			buildPhases = (
				DECA0CEE18F68C1000FEA4FE /* Sources */,
				DECA0CEF18F68C1000FEA4FE /* Frameworks */,
				DECA0CF018F68C1000FEA4FE /* Resources */,
			);
			buildRules = (
			);
			dependencies = (
			);
			name = TPLAlbum;
			productName = TPLAlbum;
			productReference = DECA0CF218F68C1000FEA4FE /* TPLAlbum.app */;
			productType = "com.apple.product-type.application";
		};
		DECA0D1518F68C1000FEA4FE /* TPLAlbumTests */ = {
			isa = PBXNativeTarget;
			buildConfigurationList = DECA0D2A18F68C1000FEA4FE /* Build configuration list for PBXNativeTarget "TPLAlbumTests" */;
			buildPhases = (
				DECA0D1218F68C1000FEA4FE /* Sources */,
				DECA0D1318F68C1000FEA4FE /* Frameworks */,
				DECA0D1418F68C1000FEA4FE /* Resources */,
			);
			buildRules = (
			);
			dependencies = (
				DECA0D1C18F68C1000FEA4FE /* PBXTargetDependency */,
			);
			name = TPLAlbumTests;
			productName = TPLAlbumTests;
			productReference = DECA0D1618F68C1000FEA4FE /* TPLAlbumTests.xctest */;
			productType = "com.apple.product-type.bundle.unit-test";
		};
/* End PBXNativeTarget section */

/* Begin PBXProject section */
		DECA0CEA18F68C1000FEA4FE /* Project object */ = {
			isa = PBXProject;
			attributes = {
				LastUpgradeCheck = 0510;
				ORGANIZATIONNAME = NB_TPL;
				TargetAttributes = {
					DECA0D1518F68C1000FEA4FE = {
						TestTargetID = DECA0CF118F68C1000FEA4FE;
					};
				};
			};
			buildConfigurationList = DECA0CED18F68C1000FEA4FE /* Build configuration list for PBXProject "TPLAlbum" */;
			compatibilityVersion = "Xcode 3.2";
			developmentRegion = English;
			hasScannedForEncodings = 0;
			knownRegions = (
				en,
				Base,
			);
			mainGroup = DECA0CE918F68C1000FEA4FE;
			productRefGroup = DECA0CF318F68C1000FEA4FE /* Products */;
			projectDirPath = "";
			projectRoot = "";
			targets = (
				DECA0CF118F68C1000FEA4FE /* TPLAlbum */,
				DECA0D1518F68C1000FEA4FE /* TPLAlbumTests */,
			);
		};
/* End PBXProject section */

/* Begin PBXResourcesBuildPhase section */
		DECA0CF018F68C1000FEA4FE /* Resources */ = {
			isa = PBXResourcesBuildPhase;
			buildActionMask = 2147483647;
			files = (
				DECA0D0C18F68C1000FEA4FE /* Main_iPad.storyboard in Resources */,
				DECA0D1118F68C1000FEA4FE /* Images.xcassets in Resources */,
				DECA0D0918F68C1000FEA4FE /* Main_iPhone.storyboard in Resources */,
				DECA0D0018F68C1000FEA4FE /* InfoPlist.strings in Resources */,
			);
			runOnlyForDeploymentPostprocessing = 0;
		};
		DECA0D1418F68C1000FEA4FE /* Resources */ = {
			isa = PBXResourcesBuildPhase;
			buildActionMask = 2147483647;
			files = (
				DECA0D2218F68C1000FEA4FE /* InfoPlist.strings in Resources */,
			);
			runOnlyForDeploymentPostprocessing = 0;
		};
/* End PBXResourcesBuildPhase section */

/* Begin PBXSourcesBuildPhase section */
		DECA0CEE18F68C1000FEA4FE /* Sources */ = {
			isa = PBXSourcesBuildPhase;
			buildActionMask = 2147483647;
			files = (
				DECA0D0F18F68C1000FEA4FE /* ViewController.m in Sources */,
				DECA0D0618F68C1000FEA4FE /* AppDelegate.m in Sources */,
				DECA0D4118F6A03700FEA4FE /* TPLHelpTool.m in Sources */,
				DECA0D4218F6A03700FEA4FE /* TPLMapUtil.m in Sources */,
				DECA0D4018F6A03700FEA4FE /* TPLFlexibleView.m in Sources */,
				DECA0D3E18F6A03700FEA4FE /* TPLAutoChangeLabel.m in Sources */,
				DECA0D3F18F6A03700FEA4FE /* TPLAutoChangeView.m in Sources */,
				DECA0D4318F6A03700FEA4FE /* TPLMutableTextLabel.m in Sources */,
				DECA0D0218F68C1000FEA4FE /* main.m in Sources */,
				DECA0D4518F6A03700FEA4FE /* TPLShowInfoPanel.m in Sources */,
				DECA0D4418F6A03700FEA4FE /* TPLSegementView.m in Sources */,
			);
			runOnlyForDeploymentPostprocessing = 0;
		};
		DECA0D1218F68C1000FEA4FE /* Sources */ = {
			isa = PBXSourcesBuildPhase;
			buildActionMask = 2147483647;
			files = (
				DECA0D2418F68C1000FEA4FE /* TPLAlbumTests.m in Sources */,
			);
			runOnlyForDeploymentPostprocessing = 0;
		};
/* End PBXSourcesBuildPhase section */

/* Begin PBXTargetDependency section */
		DECA0D1C18F68C1000FEA4FE /* PBXTargetDependency */ = {
			isa = PBXTargetDependency;
			target = DECA0CF118F68C1000FEA4FE /* TPLAlbum */;
			targetProxy = DECA0D1B18F68C1000FEA4FE /* PBXContainerItemProxy */;
		};
/* End PBXTargetDependency section */

/* Begin PBXVariantGroup section */
		DECA0CFE18F68C1000FEA4FE /* InfoPlist.strings */ = {
			isa = PBXVariantGroup;
			children = (
				DECA0CFF18F68C1000FEA4FE /* en */,
			);
			name = InfoPlist.strings;
			sourceTree = "<group>";
		};
		DECA0D0718F68C1000FEA4FE /* Main_iPhone.storyboard */ = {
			isa = PBXVariantGroup;
			children = (
				DECA0D0818F68C1000FEA4FE /* Base */,
			);
			name = Main_iPhone.storyboard;
			sourceTree = "<group>";
		};
		DECA0D0A18F68C1000FEA4FE /* Main_iPad.storyboard */ = {
			isa = PBXVariantGroup;
			children = (
				DECA0D0B18F68C1000FEA4FE /* Base */,
			);
			name = Main_iPad.storyboard;
			sourceTree = "<group>";
		};
		DECA0D2018F68C1000FEA4FE /* InfoPlist.strings */ = {
			isa = PBXVariantGroup;
			children = (
				DECA0D2118F68C1000FEA4FE /* en */,
			);
			name = InfoPlist.strings;
			sourceTree = "<group>";
		};
/* End PBXVariantGroup section */

/* Begin XCBuildConfiguration section */
		DECA0D2518F68C1000FEA4FE /* Debug */ = {
			isa = XCBuildConfiguration;
			buildSettings = {
				ALWAYS_SEARCH_USER_PATHS = NO;
				CLANG_CXX_LANGUAGE_STANDARD = "gnu++0x";
				CLANG_CXX_LIBRARY = "libc++";
				CLANG_ENABLE_MODULES = YES;
				CLANG_ENABLE_OBJC_ARC = YES;
				CLANG_WARN_BOOL_CONVERSION = YES;
				CLANG_WARN_CONSTANT_CONVERSION = YES;
				CLANG_WARN_DIRECT_OBJC_ISA_USAGE = YES_ERROR;
				CLANG_WARN_EMPTY_BODY = YES;
				CLANG_WARN_ENUM_CONVERSION = YES;
				CLANG_WARN_INT_CONVERSION = YES;
				CLANG_WARN_OBJC_ROOT_CLASS = YES_ERROR;
				CLANG_WARN__DUPLICATE_METHOD_MATCH = YES;
				"CODE_SIGN_IDENTITY[sdk=iphoneos*]" = "iPhone Developer";
				COPY_PHASE_STRIP = NO;
				GCC_C_LANGUAGE_STANDARD = gnu99;
				GCC_DYNAMIC_NO_PIC = NO;
				GCC_OPTIMIZATION_LEVEL = 0;
				GCC_PREPROCESSOR_DEFINITIONS = (
					"DEBUG=1",
					"$(inherited)",
				);
				GCC_SYMBOLS_PRIVATE_EXTERN = NO;
				GCC_WARN_64_TO_32_BIT_CONVERSION = YES;
				GCC_WARN_ABOUT_RETURN_TYPE = YES_ERROR;
				GCC_WARN_UNDECLARED_SELECTOR = YES;
				GCC_WARN_UNINITIALIZED_AUTOS = YES_AGGRESSIVE;
				GCC_WARN_UNUSED_FUNCTION = YES;
				GCC_WARN_UNUSED_VARIABLE = YES;
				IPHONEOS_DEPLOYMENT_TARGET = 7.1;
				ONLY_ACTIVE_ARCH = YES;
				SDKROOT = iphoneos;
				TARGETED_DEVICE_FAMILY = "1,2";
			};
			name = Debug;
		};
		DECA0D2618F68C1000FEA4FE /* Release */ = {
			isa = XCBuildConfiguration;
			buildSettings = {
				ALWAYS_SEARCH_USER_PATHS = NO;
				CLANG_CXX_LANGUAGE_STANDARD = "gnu++0x";
				CLANG_CXX_LIBRARY = "libc++";
				CLANG_ENABLE_MODULES = YES;
				CLANG_ENABLE_OBJC_ARC = YES;
				CLANG_WARN_BOOL_CONVERSION = YES;
				CLANG_WARN_CONSTANT_CONVERSION = YES;
				CLANG_WARN_DIRECT_OBJC_ISA_USAGE = YES_ERROR;
				CLANG_WARN_EMPTY_BODY = YES;
				CLANG_WARN_ENUM_CONVERSION = YES;
				CLANG_WARN_INT_CONVERSION = YES;
				CLANG_WARN_OBJC_ROOT_CLASS = YES_ERROR;
				CLANG_WARN__DUPLICATE_METHOD_MATCH = YES;
				"CODE_SIGN_IDENTITY[sdk=iphoneos*]" = "iPhone Developer";
				COPY_PHASE_STRIP = YES;
				ENABLE_NS_ASSERTIONS = NO;
				GCC_C_LANGUAGE_STANDARD = gnu99;
				GCC_WARN_64_TO_32_BIT_CONVERSION = YES;
				GCC_WARN_ABOUT_RETURN_TYPE = YES_ERROR;
				GCC_WARN_UNDECLARED_SELECTOR = YES;
				GCC_WARN_UNINITIALIZED_AUTOS = YES_AGGRESSIVE;
				GCC_WARN_UNUSED_FUNCTION = YES;
				GCC_WARN_UNUSED_VARIABLE = YES;
				IPHONEOS_DEPLOYMENT_TARGET = 7.1;
				SDKROOT = iphoneos;
				TARGETED_DEVICE_FAMILY = "1,2";
				VALIDATE_PRODUCT = YES;
			};
			name = Release;
		};
		DECA0D2818F68C1000FEA4FE /* Debug */ = {
			isa = XCBuildConfiguration;
			buildSettings = {
				ASSETCATALOG_COMPILER_APPICON_NAME = AppIcon;
				ASSETCATALOG_COMPILER_LAUNCHIMAGE_NAME = LaunchImage;
				GCC_PRECOMPILE_PREFIX_HEADER = YES;
				GCC_PREFIX_HEADER = "TPLAlbum/TPLAlbum-Prefix.pch";
				INFOPLIST_FILE = "TPLAlbum/TPLAlbum-Info.plist";
				PRODUCT_NAME = "$(TARGET_NAME)";
				WRAPPER_EXTENSION = app;
			};
			name = Debug;
		};
		DECA0D2918F68C1000FEA4FE /* Release */ = {
			isa = XCBuildConfiguration;
			buildSettings = {
				ASSETCATALOG_COMPILER_APPICON_NAME = AppIcon;
				ASSETCATALOG_COMPILER_LAUNCHIMAGE_NAME = LaunchImage;
				GCC_PRECOMPILE_PREFIX_HEADER = YES;
				GCC_PREFIX_HEADER = "TPLAlbum/TPLAlbum-Prefix.pch";
				INFOPLIST_FILE = "TPLAlbum/TPLAlbum-Info.plist";
				PRODUCT_NAME = "$(TARGET_NAME)";
				WRAPPER_EXTENSION = app;
			};
			name = Release;
		};
		DECA0D2B18F68C1000FEA4FE /* Debug */ = {
			isa = XCBuildConfiguration;
			buildSettings = {
				BUNDLE_LOADER = "$(BUILT_PRODUCTS_DIR)/TPLAlbum.app/TPLAlbum";
				FRAMEWORK_SEARCH_PATHS = (
					"$(SDKROOT)/Developer/Library/Frameworks",
					"$(inherited)",
					"$(DEVELOPER_FRAMEWORKS_DIR)",
				);
				GCC_PRECOMPILE_PREFIX_HEADER = YES;
				GCC_PREFIX_HEADER = "TPLAlbum/TPLAlbum-Prefix.pch";
				GCC_PREPROCESSOR_DEFINITIONS = (
					"DEBUG=1",
					"$(inherited)",
				);
				INFOPLIST_FILE = "TPLAlbumTests/TPLAlbumTests-Info.plist";
				PRODUCT_NAME = "$(TARGET_NAME)";
				TEST_HOST = "$(BUNDLE_LOADER)";
				WRAPPER_EXTENSION = xctest;
			};
			name = Debug;
		};
		DECA0D2C18F68C1000FEA4FE /* Release */ = {
			isa = XCBuildConfiguration;
			buildSettings = {
				BUNDLE_LOADER = "$(BUILT_PRODUCTS_DIR)/TPLAlbum.app/TPLAlbum";
				FRAMEWORK_SEARCH_PATHS = (
					"$(SDKROOT)/Developer/Library/Frameworks",
					"$(inherited)",
					"$(DEVELOPER_FRAMEWORKS_DIR)",
				);
				GCC_PRECOMPILE_PREFIX_HEADER = YES;
				GCC_PREFIX_HEADER = "TPLAlbum/TPLAlbum-Prefix.pch";
				INFOPLIST_FILE = "TPLAlbumTests/TPLAlbumTests-Info.plist";
				PRODUCT_NAME = "$(TARGET_NAME)";
				TEST_HOST = "$(BUNDLE_LOADER)";
				WRAPPER_EXTENSION = xctest;
			};
			name = Release;
		};
/* End XCBuildConfiguration section */

/* Begin XCConfigurationList section */
		DECA0CED18F68C1000FEA4FE /* Build configuration list for PBXProject "TPLAlbum" */ = {
			isa = XCConfigurationList;
			buildConfigurations = (
				DECA0D2518F68C1000FEA4FE /* Debug */,
				DECA0D2618F68C1000FEA4FE /* Release */,
			);
			defaultConfigurationIsVisible = 0;
			defaultConfigurationName = Release;
		};
		DECA0D2718F68C1000FEA4FE /* Build configuration list for PBXNativeTarget "TPLAlbum" */ = {
			isa = XCConfigurationList;
			buildConfigurations = (
				DECA0D2818F68C1000FEA4FE /* Debug */,
				DECA0D2918F68C1000FEA4FE /* Release */,
			);
			defaultConfigurationIsVisible = 0;
			defaultConfigurationName = Release;
		};
		DECA0D2A18F68C1000FEA4FE /* Build configuration list for PBXNativeTarget "TPLAlbumTests" */ = {
			isa = XCConfigurationList;
			buildConfigurations = (
				DECA0D2B18F68C1000FEA4FE /* Debug */,
				DECA0D2C18F68C1000FEA4FE /* Release */,
			);
			defaultConfigurationIsVisible = 0;
			defaultConfigurationName = Release;
		};
/* End XCConfigurationList section */
	};
	rootObject = DECA0CEA18F68C1000FEA4FE /* Project object */;
}
